
Microsoft Visual Studio Solution File, Format Version 12.00
# Visual Studio Version 17
VisualStudioVersion = 17.5.002.0
MinimumVisualStudioVersion = 10.0.40219.1
Project("{9A19103F-16F7-4668-BE54-9A1E7A4F7556}") = "test-coverage-demo-c-", "test-coverage-demo-c-.csproj", "{A37B0E84-3725-4E8C-A970-5ECA3B8F216D}"
EndProject
Global
	GlobalSection(SolutionConfigurationPlatforms) = preSolution
		Debug|Any CPU = Debug|Any CPU
		Release|Any CPU = Release|Any CPU
	EndGlobalSection
	GlobalSection(ProjectConfigurationPlatforms) = postSolution
		{A37B0E84-3725-4E8C-A970-5ECA3B8F216D}.Debug|Any CPU.ActiveCfg = Debug|Any CPU
		{A37B0E84-3725-4E8C-A970-5ECA3B8F216D}.Debug|Any CPU.Build.0 = Debug|Any CPU
		{A37B0E84-3725-4E8C-A970-5ECA3B8F216D}.Release|Any CPU.ActiveCfg = Release|Any CPU
		{A37B0E84-3725-4E8C-A970-5ECA3B8F216D}.Release|Any CPU.Build.0 = Release|Any CPU
	EndGlobalSection
	GlobalSection(SolutionProperties) = preSolution
		HideSolutionNode = FALSE
	EndGlobalSection
	GlobalSection(ExtensibilityGlobals) = postSolution
		SolutionGuid = {C0674954-E7FC-41F5-B7A9-2A5003287ED4}
	EndGlobalSection
EndGlobal
